
Microsoft Visual Studio Solution File, Format Version 12.00
# Visual Studio 15
VisualStudioVersion = 15.0.26124.0
MinimumVisualStudioVersion = 15.0.26124.0
Project("{2150E333-8FDC-42A3-9474-1A3956D46DE8}") = "Modules", "Modules", "{D32EC791-58A0-42C2-AF6D-8BA1FABF24C8}"
EndProject
Project("{F2A71F9B-5D33-465A-A702-920D77279786}") = "OrderTaking", "Modules\OrderTaking\OrderTaking.fsproj", "{B489F828-D011-4AA0-A736-CB03F88CE0A2}"
EndProject
Project("{2150E333-8FDC-42A3-9474-1A3956D46DE8}") = "Tests", "Tests", "{5AB8ECD5-7FFA-487E-A240-FA6DB161610F}"
EndProject
Project("{F2A71F9B-5D33-465A-A702-920D77279786}") = "Test.OrderTaking", "Tests\OrderTaking\Test.OrderTaking.fsproj", "{C75D5765-53AD-4268-BA2A-B7F3A5BFC486}"
EndProject
Project("{F2A71F9B-5D33-465A-A702-920D77279786}") = "Api", "Api\Api.fsproj", "{B8926C2A-D4BD-4649-B2ED-6326C05DFFAD}"
EndProject
Project("{F2A71F9B-5D33-465A-A702-920D77279786}") = "Test.Api", "Tests\Api\Test.Api.fsproj", "{C974F47B-247A-42E8-8241-0E186EA95244}"
EndProject
Project("{F2A71F9B-5D33-465A-A702-920D77279786}") = "Test.Common", "Tests\Common\Test.Common.fsproj", "{545BE4B4-4D03-407A-86C9-7DEF62BB385B}"
EndProject
Project("{F2A71F9B-5D33-465A-A702-920D77279786}") = "Common", "Modules\Common\Common.fsproj", "{BADB25F6-9CB4-4078-A1F3-AF5F97E3BB7E}"
EndProject
Global
	GlobalSection(SolutionConfigurationPlatforms) = preSolution
		Debug|Any CPU = Debug|Any CPU
		Debug|x64 = Debug|x64
		Debug|x86 = Debug|x86
		Release|Any CPU = Release|Any CPU
		Release|x64 = Release|x64
		Release|x86 = Release|x86
	EndGlobalSection
	GlobalSection(SolutionProperties) = preSolution
		HideSolutionNode = FALSE
	EndGlobalSection
	GlobalSection(ProjectConfigurationPlatforms) = postSolution
		{B489F828-D011-4AA0-A736-CB03F88CE0A2}.Debug|Any CPU.ActiveCfg = Debug|Any CPU
		{B489F828-D011-4AA0-A736-CB03F88CE0A2}.Debug|Any CPU.Build.0 = Debug|Any CPU
		{B489F828-D011-4AA0-A736-CB03F88CE0A2}.Debug|x64.ActiveCfg = Debug|Any CPU
		{B489F828-D011-4AA0-A736-CB03F88CE0A2}.Debug|x64.Build.0 = Debug|Any CPU
		{B489F828-D011-4AA0-A736-CB03F88CE0A2}.Debug|x86.ActiveCfg = Debug|Any CPU
		{B489F828-D011-4AA0-A736-CB03F88CE0A2}.Debug|x86.Build.0 = Debug|Any CPU
		{B489F828-D011-4AA0-A736-CB03F88CE0A2}.Release|Any CPU.ActiveCfg = Release|Any CPU
		{B489F828-D011-4AA0-A736-CB03F88CE0A2}.Release|Any CPU.Build.0 = Release|Any CPU
		{B489F828-D011-4AA0-A736-CB03F88CE0A2}.Release|x64.ActiveCfg = Release|Any CPU
		{B489F828-D011-4AA0-A736-CB03F88CE0A2}.Release|x64.Build.0 = Release|Any CPU
		{B489F828-D011-4AA0-A736-CB03F88CE0A2}.Release|x86.ActiveCfg = Release|Any CPU
		{B489F828-D011-4AA0-A736-CB03F88CE0A2}.Release|x86.Build.0 = Release|Any CPU
		{C75D5765-53AD-4268-BA2A-B7F3A5BFC486}.Debug|Any CPU.ActiveCfg = Debug|Any CPU
		{C75D5765-53AD-4268-BA2A-B7F3A5BFC486}.Debug|Any CPU.Build.0 = Debug|Any CPU
		{C75D5765-53AD-4268-BA2A-B7F3A5BFC486}.Debug|x64.ActiveCfg = Debug|Any CPU
		{C75D5765-53AD-4268-BA2A-B7F3A5BFC486}.Debug|x64.Build.0 = Debug|Any CPU
		{C75D5765-53AD-4268-BA2A-B7F3A5BFC486}.Debug|x86.ActiveCfg = Debug|Any CPU
		{C75D5765-53AD-4268-BA2A-B7F3A5BFC486}.Debug|x86.Build.0 = Debug|Any CPU
		{C75D5765-53AD-4268-BA2A-B7F3A5BFC486}.Release|Any CPU.ActiveCfg = Release|Any CPU
		{C75D5765-53AD-4268-BA2A-B7F3A5BFC486}.Release|Any CPU.Build.0 = Release|Any CPU
		{C75D5765-53AD-4268-BA2A-B7F3A5BFC486}.Release|x64.ActiveCfg = Release|Any CPU
		{C75D5765-53AD-4268-BA2A-B7F3A5BFC486}.Release|x64.Build.0 = Release|Any CPU
		{C75D5765-53AD-4268-BA2A-B7F3A5BFC486}.Release|x86.ActiveCfg = Release|Any CPU
		{C75D5765-53AD-4268-BA2A-B7F3A5BFC486}.Release|x86.Build.0 = Release|Any CPU
		{B8926C2A-D4BD-4649-B2ED-6326C05DFFAD}.Debug|Any CPU.ActiveCfg = Debug|Any CPU
		{B8926C2A-D4BD-4649-B2ED-6326C05DFFAD}.Debug|Any CPU.Build.0 = Debug|Any CPU
		{B8926C2A-D4BD-4649-B2ED-6326C05DFFAD}.Debug|x64.ActiveCfg = Debug|Any CPU
		{B8926C2A-D4BD-4649-B2ED-6326C05DFFAD}.Debug|x64.Build.0 = Debug|Any CPU
		{B8926C2A-D4BD-4649-B2ED-6326C05DFFAD}.Debug|x86.ActiveCfg = Debug|Any CPU
		{B8926C2A-D4BD-4649-B2ED-6326C05DFFAD}.Debug|x86.Build.0 = Debug|Any CPU
		{B8926C2A-D4BD-4649-B2ED-6326C05DFFAD}.Release|Any CPU.ActiveCfg = Release|Any CPU
		{B8926C2A-D4BD-4649-B2ED-6326C05DFFAD}.Release|Any CPU.Build.0 = Release|Any CPU
		{B8926C2A-D4BD-4649-B2ED-6326C05DFFAD}.Release|x64.ActiveCfg = Release|Any CPU
		{B8926C2A-D4BD-4649-B2ED-6326C05DFFAD}.Release|x64.Build.0 = Release|Any CPU
		{B8926C2A-D4BD-4649-B2ED-6326C05DFFAD}.Release|x86.ActiveCfg = Release|Any CPU
		{B8926C2A-D4BD-4649-B2ED-6326C05DFFAD}.Release|x86.Build.0 = Release|Any CPU
		{C974F47B-247A-42E8-8241-0E186EA95244}.Debug|Any CPU.ActiveCfg = Debug|Any CPU
		{C974F47B-247A-42E8-8241-0E186EA95244}.Debug|Any CPU.Build.0 = Debug|Any CPU
		{C974F47B-247A-42E8-8241-0E186EA95244}.Debug|x64.ActiveCfg = Debug|Any CPU
		{C974F47B-247A-42E8-8241-0E186EA95244}.Debug|x64.Build.0 = Debug|Any CPU
		{C974F47B-247A-42E8-8241-0E186EA95244}.Debug|x86.ActiveCfg = Debug|Any CPU
		{C974F47B-247A-42E8-8241-0E186EA95244}.Debug|x86.Build.0 = Debug|Any CPU
		{C974F47B-247A-42E8-8241-0E186EA95244}.Release|Any CPU.ActiveCfg = Release|Any CPU
		{C974F47B-247A-42E8-8241-0E186EA95244}.Release|Any CPU.Build.0 = Release|Any CPU
		{C974F47B-247A-42E8-8241-0E186EA95244}.Release|x64.ActiveCfg = Release|Any CPU
		{C974F47B-247A-42E8-8241-0E186EA95244}.Release|x64.Build.0 = Release|Any CPU
		{C974F47B-247A-42E8-8241-0E186EA95244}.Release|x86.ActiveCfg = Release|Any CPU
		{C974F47B-247A-42E8-8241-0E186EA95244}.Release|x86.Build.0 = Release|Any CPU
		{545BE4B4-4D03-407A-86C9-7DEF62BB385B}.Debug|Any CPU.ActiveCfg = Debug|Any CPU
		{545BE4B4-4D03-407A-86C9-7DEF62BB385B}.Debug|Any CPU.Build.0 = Debug|Any CPU
		{545BE4B4-4D03-407A-86C9-7DEF62BB385B}.Debug|x64.ActiveCfg = Debug|Any CPU
		{545BE4B4-4D03-407A-86C9-7DEF62BB385B}.Debug|x64.Build.0 = Debug|Any CPU
		{545BE4B4-4D03-407A-86C9-7DEF62BB385B}.Debug|x86.ActiveCfg = Debug|Any CPU
		{545BE4B4-4D03-407A-86C9-7DEF62BB385B}.Debug|x86.Build.0 = Debug|Any CPU
		{545BE4B4-4D03-407A-86C9-7DEF62BB385B}.Release|Any CPU.ActiveCfg = Release|Any CPU
		{545BE4B4-4D03-407A-86C9-7DEF62BB385B}.Release|Any CPU.Build.0 = Release|Any CPU
		{545BE4B4-4D03-407A-86C9-7DEF62BB385B}.Release|x64.ActiveCfg = Release|Any CPU
		{545BE4B4-4D03-407A-86C9-7DEF62BB385B}.Release|x64.Build.0 = Release|Any CPU
		{545BE4B4-4D03-407A-86C9-7DEF62BB385B}.Release|x86.ActiveCfg = Release|Any CPU
		{545BE4B4-4D03-407A-86C9-7DEF62BB385B}.Release|x86.Build.0 = Release|Any CPU
		{BADB25F6-9CB4-4078-A1F3-AF5F97E3BB7E}.Debug|Any CPU.ActiveCfg = Debug|Any CPU
		{BADB25F6-9CB4-4078-A1F3-AF5F97E3BB7E}.Debug|Any CPU.Build.0 = Debug|Any CPU
		{BADB25F6-9CB4-4078-A1F3-AF5F97E3BB7E}.Debug|x64.ActiveCfg = Debug|Any CPU
		{BADB25F6-9CB4-4078-A1F3-AF5F97E3BB7E}.Debug|x64.Build.0 = Debug|Any CPU
		{BADB25F6-9CB4-4078-A1F3-AF5F97E3BB7E}.Debug|x86.ActiveCfg = Debug|Any CPU
		{BADB25F6-9CB4-4078-A1F3-AF5F97E3BB7E}.Debug|x86.Build.0 = Debug|Any CPU
		{BADB25F6-9CB4-4078-A1F3-AF5F97E3BB7E}.Release|Any CPU.ActiveCfg = Release|Any CPU
		{BADB25F6-9CB4-4078-A1F3-AF5F97E3BB7E}.Release|Any CPU.Build.0 = Release|Any CPU
		{BADB25F6-9CB4-4078-A1F3-AF5F97E3BB7E}.Release|x64.ActiveCfg = Release|Any CPU
		{BADB25F6-9CB4-4078-A1F3-AF5F97E3BB7E}.Release|x64.Build.0 = Release|Any CPU
		{BADB25F6-9CB4-4078-A1F3-AF5F97E3BB7E}.Release|x86.ActiveCfg = Release|Any CPU
		{BADB25F6-9CB4-4078-A1F3-AF5F97E3BB7E}.Release|x86.Build.0 = Release|Any CPU
	EndGlobalSection
	GlobalSection(NestedProjects) = preSolution
		{B489F828-D011-4AA0-A736-CB03F88CE0A2} = {D32EC791-58A0-42C2-AF6D-8BA1FABF24C8}
		{C75D5765-53AD-4268-BA2A-B7F3A5BFC486} = {5AB8ECD5-7FFA-487E-A240-FA6DB161610F}
		{C974F47B-247A-42E8-8241-0E186EA95244} = {5AB8ECD5-7FFA-487E-A240-FA6DB161610F}
		{545BE4B4-4D03-407A-86C9-7DEF62BB385B} = {5AB8ECD5-7FFA-487E-A240-FA6DB161610F}
		{BADB25F6-9CB4-4078-A1F3-AF5F97E3BB7E} = {D32EC791-58A0-42C2-AF6D-8BA1FABF24C8}
	EndGlobalSection
EndGlobal
